
Microsoft Visual Studio Solution File, Format Version 12.00
# Visual Studio Version 17
VisualStudioVersion = 17.9.34622.214
MinimumVisualStudioVersion = 10.0.40219.1
Project("{FAE04EC0-301F-11D3-BF4B-00C04F79EFBC}") = "HW_2_part_3", "HW_2_part_3\HW_2_part_3.csproj", "{79259297-D73B-48E8-9B8C-9235532E6ADE}"
EndProject
Global
	GlobalSection(SolutionConfigurationPlatforms) = preSolution
		Debug|Any CPU = Debug|Any CPU
		Release|Any CPU = Release|Any CPU
	EndGlobalSection
	GlobalSection(ProjectConfigurationPlatforms) = postSolution
		{79259297-D73B-48E8-9B8C-9235532E6ADE}.Debug|Any CPU.ActiveCfg = Debug|Any CPU
		{79259297-D73B-48E8-9B8C-9235532E6ADE}.Debug|Any CPU.Build.0 = Debug|Any CPU
		{79259297-D73B-48E8-9B8C-9235532E6ADE}.Release|Any CPU.ActiveCfg = Release|Any CPU
		{79259297-D73B-48E8-9B8C-9235532E6ADE}.Release|Any CPU.Build.0 = Release|Any CPU
	EndGlobalSection
	GlobalSection(SolutionProperties) = preSolution
		HideSolutionNode = FALSE
	EndGlobalSection
	GlobalSection(ExtensibilityGlobals) = postSolution
		SolutionGuid = {B5F7D206-A3FE-422C-8D30-A09817E89BC6}
	EndGlobalSection
EndGlobal
