
Microsoft Visual Studio Solution File, Format Version 12.00
# Visual Studio Version 17
VisualStudioVersion = 17.9.34622.214
MinimumVisualStudioVersion = 10.0.40219.1
Project("{FAE04EC0-301F-11D3-BF4B-00C04F79EFBC}") = "HW_8", "HW_8\HW_8.csproj", "{E086C062-436E-4F08-AD82-8FEDE8967F4E}"
EndProject
Global
	GlobalSection(SolutionConfigurationPlatforms) = preSolution
		Debug|Any CPU = Debug|Any CPU
		Release|Any CPU = Release|Any CPU
	EndGlobalSection
	GlobalSection(ProjectConfigurationPlatforms) = postSolution
		{E086C062-436E-4F08-AD82-8FEDE8967F4E}.Debug|Any CPU.ActiveCfg = Debug|Any CPU
		{E086C062-436E-4F08-AD82-8FEDE8967F4E}.Debug|Any CPU.Build.0 = Debug|Any CPU
		{E086C062-436E-4F08-AD82-8FEDE8967F4E}.Release|Any CPU.ActiveCfg = Release|Any CPU
		{E086C062-436E-4F08-AD82-8FEDE8967F4E}.Release|Any CPU.Build.0 = Release|Any CPU
	EndGlobalSection
	GlobalSection(SolutionProperties) = preSolution
		HideSolutionNode = FALSE
	EndGlobalSection
	GlobalSection(ExtensibilityGlobals) = postSolution
		SolutionGuid = {B64AE066-87DE-4362-93AF-5040778E989E}
	EndGlobalSection
EndGlobal
